
Microsoft Visual Studio Solution File, Format Version 12.00
# Visual Studio Version 16
VisualStudioVersion = 16.0.29609.76
MinimumVisualStudioVersion = 10.0.40219.1
Project("{FAE04EC0-301F-11D3-BF4B-00C04F79EFBC}") = "Laba_graphic_12", "Laba_graphic_12\Laba_graphic_12.csproj", "{15D1C933-9896-4913-9810-ED20F41323CA}"
EndProject
Global
	GlobalSection(SolutionConfigurationPlatforms) = preSolution
		Debug|Any CPU = Debug|Any CPU
		Release|Any CPU = Release|Any CPU
	EndGlobalSection
	GlobalSection(ProjectConfigurationPlatforms) = postSolution
		{15D1C933-9896-4913-9810-ED20F41323CA}.Debug|Any CPU.ActiveCfg = Debug|Any CPU
		{15D1C933-9896-4913-9810-ED20F41323CA}.Debug|Any CPU.Build.0 = Debug|Any CPU
		{15D1C933-9896-4913-9810-ED20F41323CA}.Release|Any CPU.ActiveCfg = Release|Any CPU
		{15D1C933-9896-4913-9810-ED20F41323CA}.Release|Any CPU.Build.0 = Release|Any CPU
	EndGlobalSection
	GlobalSection(SolutionProperties) = preSolution
		HideSolutionNode = FALSE
	EndGlobalSection
	GlobalSection(ExtensibilityGlobals) = postSolution
		SolutionGuid = {E56FFEDA-833B-4B73-B697-0F8DA5ED6C87}
	EndGlobalSection
EndGlobal
